// !$*UTF8*$!
{
	archiveVersion = 1;
	classes = {
	};
	objectVersion = 38;
	objects = {
		014CEA460018CE2711CA2923 = {
			buildRules = (
			);
			buildSettings = {
				COPY_PHASE_STRIP = NO;
				OPTIMIZATION_CFLAGS = "-O0";
			};
			isa = PBXBuildStyle;
			name = Development;
		};
		014CEA470018CE2711CA2923 = {
			buildRules = (
			);
			buildSettings = {
				COPY_PHASE_STRIP = YES;
			};
			isa = PBXBuildStyle;
			name = Deployment;
		};
//010
//011
//012
//013
//014
//020
//021
//022
//023
//024
		0249A660FF388D4511CA2CEA = {
			isa = PBXExecutableFileReference;
			path = PrimateAgent;
			refType = 3;
		};
		0249A662FF388D9811CA2CEA = {
			children = (
				F5DD932607AAA25401A80002,
				F5234E8D0701828D017DA91F,
				F5DD930007AA9BE001A80002,
				F5DD931307AA9BF501A80002,
				F5DD933007AAAA7501A80002,
				F5CCD4C907B3E87401A80002,
			);
			isa = PBXGroup;
			name = "External Frameworks and Libraries";
			refType = 4;
		};
//020
//021
//022
//023
//024
//080
//081
//082
//083
//084
		08FB7793FE84155DC02AAC07 = {
			buildStyles = (
				014CEA460018CE2711CA2923,
				014CEA470018CE2711CA2923,
			);
			isa = PBXProject;
			mainGroup = 08FB7794FE84155DC02AAC07;
			projectDirPath = "";
			targets = (
				08FB779FFE84155DC02AAC07,
			);
		};
		08FB7794FE84155DC02AAC07 = {
			children = (
				08FB7795FE84155DC02AAC07,
				C6859E8C029090F304C91782,
				0249A662FF388D9811CA2CEA,
				1AB674ADFE9D54B511CA2CBB,
			);
			isa = PBXGroup;
			name = xml2csv;
			refType = 4;
		};
		08FB7795FE84155DC02AAC07 = {
			children = (
				F5A8C5F407AA54A1017DA91F,
				F5234EB90701B559017DA91F,
			);
			isa = PBXGroup;
			name = Source;
			refType = 4;
		};
		08FB779FFE84155DC02AAC07 = {
			buildPhases = (
				08FB77A0FE84155DC02AAC07,
				08FB77A1FE84155DC02AAC07,
				08FB77A3FE84155DC02AAC07,
				08FB77A5FE84155DC02AAC07,
				C6859E8D0290911004C91782,
			);
			buildSettings = {
				FRAMEWORK_SEARCH_PATHS = "";
				HEADER_SEARCH_PATHS = "glui_v2_1_beta /usr/local/include/libxml2 \"$(SYSTEM_LIBRARY_DIR)/Frameworks/GLUT.framework/Versions/A/Headers\" \"$(SYSTEM_LIBRARY_DIR)/Frameworks/OpenGL.framework/Versions/A/Headers\" \"$(SYSTEM_LIBRARY_DIR)/Frameworks/Carbon.framework/Libraries/CIncludes\"";
				LIBRARY_SEARCH_PATHS = glui_v2_1_beta;
				OPTIMIZATION_CFLAGS = "-O0";
				OTHER_CFLAGS = "-DUSE_OPENGL  -DUPDATE_CONTROLS_ON_IDLE -DUSE_LIBTIFF -DUSE_TIFF_LZW";
				OTHER_LDFLAGS = "-lobjc -lm";
				OTHER_REZFLAGS = "";
				PRODUCT_NAME = PrimateAgent;
				REZ_EXECUTABLE = YES;
				SECTORDER_FLAGS = "";
				WARNING_CFLAGS = "-Wmost -Wno-four-char-constants -Wno-unknown-pragmas";
			};
			dependencies = (
			);
			isa = PBXToolTarget;
			name = PrimateAgent;
			productName = xml2csv;
			productReference = 0249A660FF388D4511CA2CEA;
			shouldUseHeadermap = 1;
		};
		08FB77A0FE84155DC02AAC07 = {
			buildActionMask = 2147483647;
			files = (
				F5A8C5FF07AA54A1017DA91F,
				F5A8C60107AA54A1017DA91F,
				F5A8C60307AA54A1017DA91F,
				F5A8C60507AA54A1017DA91F,
				F5A8C60907AA5A7B017DA91F,
				F5A8C61007AA7199017DA91F,
				F5DD92F907AA940801A80002,
				F5BC49CE07AAC97901A80002,
				F5BD3E7107AE56E4017DA91F,
				F55E051807AEC67901A80002,
				F518798707AFA580017DA91F,
				F5CCD4C607B3DD3A01A80002,
				F55E330807B6269E01A80002,
				F544B21F07D86EB5017DA91F,
			);
			isa = PBXHeadersBuildPhase;
			runOnlyForDeploymentPostprocessing = 0;
		};
		08FB77A1FE84155DC02AAC07 = {
			buildActionMask = 2147483647;
			files = (
				F5A8C5FE07AA54A1017DA91F,
				F5A8C60007AA54A1017DA91F,
				F5A8C60207AA54A1017DA91F,
				F5A8C60407AA54A1017DA91F,
				F5A8C60607AA54A1017DA91F,
				F5A8C60A07AA5A7B017DA91F,
				F5A8C61107AA7199017DA91F,
				F5DD92FA07AA940801A80002,
				F5BC49CF07AAC97901A80002,
				F5BD3E7207AE56E4017DA91F,
				F55E051907AEC67901A80002,
				F518798607AFA580017DA91F,
				F5CCD4C807B3DD6301A80002,
				F55E330907B6269E01A80002,
			);
			isa = PBXSourcesBuildPhase;
			runOnlyForDeploymentPostprocessing = 0;
		};
		08FB77A3FE84155DC02AAC07 = {
			buildActionMask = 2147483647;
			files = (
				F5234E8E0701828D017DA91F,
				F5DD931207AA9BE001A80002,
				F5DD932307AA9BF501A80002,
				F5DD932707AAA25401A80002,
				F5DD933107AAAA7501A80002,
				F5CCD4CA07B3E87401A80002,
			);
			isa = PBXFrameworksBuildPhase;
			runOnlyForDeploymentPostprocessing = 0;
		};
		08FB77A5FE84155DC02AAC07 = {
			buildActionMask = 2147483647;
			files = (
			);
			isa = PBXRezBuildPhase;
			runOnlyForDeploymentPostprocessing = 0;
		};
//080
//081
//082
//083
//084
//1A0
//1A1
//1A2
//1A3
//1A4
		1AB674ADFE9D54B511CA2CBB = {
			children = (
				0249A660FF388D4511CA2CEA,
			);
			isa = PBXGroup;
			name = Products;
			refType = 4;
		};
//1A0
//1A1
//1A2
//1A3
//1A4
//C60
//C61
//C62
//C63
//C64
		C6859E8C029090F304C91782 = {
			children = (
			);
			isa = PBXGroup;
			name = Documentation;
			refType = 4;
		};
		C6859E8D0290911004C91782 = {
			buildActionMask = 8;
			dstPath = /usr/share/man/man1/;
			dstSubfolderSpec = 0;
			files = (
				F5234EBB0701BA10017DA91F,
			);
			isa = PBXCopyFilesBuildPhase;
			runOnlyForDeploymentPostprocessing = 1;
		};
//C60
//C61
//C62
//C63
//C64
//F50
//F51
//F52
//F53
//F54
		F518798407AFA580017DA91F = {
			isa = PBXFileReference;
			path = Random.cpp;
			refType = 4;
		};
		F518798507AFA580017DA91F = {
			isa = PBXFileReference;
			path = Random.h;
			refType = 4;
		};
		F518798607AFA580017DA91F = {
			fileRef = F518798407AFA580017DA91F;
			isa = PBXBuildFile;
			settings = {
			};
		};
		F518798707AFA580017DA91F = {
			fileRef = F518798507AFA580017DA91F;
			isa = PBXBuildFile;
			settings = {
			};
		};
		F5234E8D0701828D017DA91F = {
			isa = PBXFileReference;
			name = libxml2.a;
			path = /usr/local/lib/libxml2.a;
			refType = 0;
		};
		F5234E8E0701828D017DA91F = {
			fileRef = F5234E8D0701828D017DA91F;
			isa = PBXBuildFile;
			settings = {
			};
		};
		F5234EB90701B559017DA91F = {
			isa = PBXFileReference;
			path = makefile;
			refType = 4;
		};
		F5234EBB0701BA10017DA91F = {
			fileRef = F5234EB90701B559017DA91F;
			isa = PBXBuildFile;
			settings = {
			};
		};
		F544B21E07D86EB5017DA91F = {
			isa = PBXFileReference;
			path = DebugControl.h;
			refType = 4;
		};
		F544B21F07D86EB5017DA91F = {
			fileRef = F544B21E07D86EB5017DA91F;
			isa = PBXBuildFile;
			settings = {
			};
		};
		F55E051607AEC67901A80002 = {
			isa = PBXFileReference;
			path = Simulation.h;
			refType = 4;
		};
		F55E051707AEC67901A80002 = {
			isa = PBXFileReference;
			path = Simulation.cpp;
			refType = 4;
		};
		F55E051807AEC67901A80002 = {
			fileRef = F55E051607AEC67901A80002;
			isa = PBXBuildFile;
			settings = {
			};
		};
		F55E051907AEC67901A80002 = {
			fileRef = F55E051707AEC67901A80002;
			isa = PBXBuildFile;
			settings = {
			};
		};
		F55E330607B6269E01A80002 = {
			isa = PBXFileReference;
			path = Key.h;
			refType = 4;
		};
		F55E330707B6269E01A80002 = {
			isa = PBXFileReference;
			path = Key.cpp;
			refType = 4;
		};
		F55E330807B6269E01A80002 = {
			fileRef = F55E330607B6269E01A80002;
			isa = PBXBuildFile;
			settings = {
			};
		};
		F55E330907B6269E01A80002 = {
			fileRef = F55E330707B6269E01A80002;
			isa = PBXBuildFile;
			settings = {
			};
		};
		F5A8C5F407AA54A1017DA91F = {
			children = (
				F5BD3E7007AE56E4017DA91F,
				F5BD3E6F07AE56E4017DA91F,
				F5A8C5F507AA54A1017DA91F,
				F5A8C5F607AA54A1017DA91F,
				F5A8C5F707AA54A1017DA91F,
				F5A8C5F807AA54A1017DA91F,
				F544B21E07D86EB5017DA91F,
				F5A8C60807AA5A7B017DA91F,
				F5A8C60707AA5A7B017DA91F,
				F5DD92F807AA940801A80002,
				F5DD92F707AA940801A80002,
				F5BC49CD07AAC97901A80002,
				F5BC49CC07AAC97901A80002,
				F5A8C60F07AA7199017DA91F,
				F5A8C60E07AA7199017DA91F,
				F5A8C5F907AA54A1017DA91F,
				F5A8C5FA07AA54A1017DA91F,
				F55E330707B6269E01A80002,
				F55E330607B6269E01A80002,
				F5A8C5FB07AA54A1017DA91F,
				F5A8C5FC07AA54A1017DA91F,
				F5A8C5FD07AA54A1017DA91F,
				F518798407AFA580017DA91F,
				F518798507AFA580017DA91F,
				F55E051707AEC67901A80002,
				F55E051607AEC67901A80002,
				F5CCD4C707B3DD6301A80002,
				F5CCD4C407B3DD3A01A80002,
			);
			isa = PBXGroup;
			path = src;
			refType = 4;
		};
		F5A8C5F507AA54A1017DA91F = {
			isa = PBXFileReference;
			path = DataFile.cpp;
			refType = 4;
		};
		F5A8C5F607AA54A1017DA91F = {
			isa = PBXFileReference;
			path = DataFile.h;
			refType = 4;
		};
		F5A8C5F707AA54A1017DA91F = {
			isa = PBXFileReference;
			path = DayLength.cpp;
			refType = 4;
		};
		F5A8C5F807AA54A1017DA91F = {
			isa = PBXFileReference;
			path = DayLength.h;
			refType = 4;
		};
		F5A8C5F907AA54A1017DA91F = {
			isa = PBXFileReference;
			path = GridSquare.cpp;
			refType = 4;
		};
		F5A8C5FA07AA54A1017DA91F = {
			isa = PBXFileReference;
			path = GridSquare.h;
			refType = 4;
		};
		F5A8C5FB07AA54A1017DA91F = {
			isa = PBXFileReference;
			path = HabitatType.cpp;
			refType = 4;
		};
		F5A8C5FC07AA54A1017DA91F = {
			isa = PBXFileReference;
			path = HabitatType.h;
			refType = 4;
		};
		F5A8C5FD07AA54A1017DA91F = {
			isa = PBXFileReference;
			path = main.cpp;
			refType = 4;
		};
		F5A8C5FE07AA54A1017DA91F = {
			fileRef = F5A8C5F507AA54A1017DA91F;
			isa = PBXBuildFile;
			settings = {
			};
		};
		F5A8C5FF07AA54A1017DA91F = {
			fileRef = F5A8C5F607AA54A1017DA91F;
			isa = PBXBuildFile;
			settings = {
			};
		};
		F5A8C60007AA54A1017DA91F = {
			fileRef = F5A8C5F707AA54A1017DA91F;
			isa = PBXBuildFile;
			settings = {
			};
		};
		F5A8C60107AA54A1017DA91F = {
			fileRef = F5A8C5F807AA54A1017DA91F;
			isa = PBXBuildFile;
			settings = {
			};
		};
		F5A8C60207AA54A1017DA91F = {
			fileRef = F5A8C5F907AA54A1017DA91F;
			isa = PBXBuildFile;
			settings = {
			};
		};
		F5A8C60307AA54A1017DA91F = {
			fileRef = F5A8C5FA07AA54A1017DA91F;
			isa = PBXBuildFile;
			settings = {
			};
		};
		F5A8C60407AA54A1017DA91F = {
			fileRef = F5A8C5FB07AA54A1017DA91F;
			isa = PBXBuildFile;
			settings = {
			};
		};
		F5A8C60507AA54A1017DA91F = {
			fileRef = F5A8C5FC07AA54A1017DA91F;
			isa = PBXBuildFile;
			settings = {
			};
		};
		F5A8C60607AA54A1017DA91F = {
			fileRef = F5A8C5FD07AA54A1017DA91F;
			isa = PBXBuildFile;
			settings = {
			};
		};
		F5A8C60707AA5A7B017DA91F = {
			isa = PBXFileReference;
			path = Environment.h;
			refType = 4;
		};
		F5A8C60807AA5A7B017DA91F = {
			isa = PBXFileReference;
			path = Environment.cpp;
			refType = 4;
		};
		F5A8C60907AA5A7B017DA91F = {
			fileRef = F5A8C60707AA5A7B017DA91F;
			isa = PBXBuildFile;
			settings = {
			};
		};
		F5A8C60A07AA5A7B017DA91F = {
			fileRef = F5A8C60807AA5A7B017DA91F;
			isa = PBXBuildFile;
			settings = {
			};
		};
		F5A8C60E07AA7199017DA91F = {
			isa = PBXFileReference;
			path = Grid.h;
			refType = 4;
		};
		F5A8C60F07AA7199017DA91F = {
			isa = PBXFileReference;
			path = Grid.cpp;
			refType = 4;
		};
		F5A8C61007AA7199017DA91F = {
			fileRef = F5A8C60E07AA7199017DA91F;
			isa = PBXBuildFile;
			settings = {
			};
		};
		F5A8C61107AA7199017DA91F = {
			fileRef = F5A8C60F07AA7199017DA91F;
			isa = PBXBuildFile;
			settings = {
			};
		};
		F5BC49CC07AAC97901A80002 = {
			isa = PBXFileReference;
			path = GLShapes.h;
			refType = 4;
		};
		F5BC49CD07AAC97901A80002 = {
			isa = PBXFileReference;
			path = GLShapes.cpp;
			refType = 4;
		};
		F5BC49CE07AAC97901A80002 = {
			fileRef = F5BC49CC07AAC97901A80002;
			isa = PBXBuildFile;
			settings = {
			};
		};
		F5BC49CF07AAC97901A80002 = {
			fileRef = F5BC49CD07AAC97901A80002;
			isa = PBXBuildFile;
			settings = {
			};
		};
		F5BD3E6F07AE56E4017DA91F = {
			isa = PBXFileReference;
			path = Agent.h;
			refType = 4;
		};
		F5BD3E7007AE56E4017DA91F = {
			isa = PBXFileReference;
			path = Agent.cpp;
			refType = 4;
		};
		F5BD3E7107AE56E4017DA91F = {
			fileRef = F5BD3E6F07AE56E4017DA91F;
			isa = PBXBuildFile;
			settings = {
			};
		};
		F5BD3E7207AE56E4017DA91F = {
			fileRef = F5BD3E7007AE56E4017DA91F;
			isa = PBXBuildFile;
			settings = {
			};
		};
		F5CCD4C407B3DD3A01A80002 = {
			isa = PBXFileReference;
			path = TIFFWrite.h;
			refType = 4;
		};
		F5CCD4C607B3DD3A01A80002 = {
			fileRef = F5CCD4C407B3DD3A01A80002;
			isa = PBXBuildFile;
			settings = {
			};
		};
		F5CCD4C707B3DD6301A80002 = {
			isa = PBXFileReference;
			path = TIFFWrite.cpp;
			refType = 4;
		};
		F5CCD4C807B3DD6301A80002 = {
			fileRef = F5CCD4C707B3DD6301A80002;
			isa = PBXBuildFile;
			settings = {
			};
		};
		F5CCD4C907B3E87401A80002 = {
			isa = PBXFileReference;
			name = libtiff.a;
			path = /usr/local/lib/libtiff.a;
			refType = 0;
		};
		F5CCD4CA07B3E87401A80002 = {
			fileRef = F5CCD4C907B3E87401A80002;
			isa = PBXBuildFile;
			settings = {
			};
		};
		F5DD92F707AA940801A80002 = {
			isa = PBXFileReference;
			path = GLUIRoutines.h;
			refType = 4;
		};
		F5DD92F807AA940801A80002 = {
			isa = PBXFileReference;
			path = GLUIRoutines.cpp;
			refType = 4;
		};
		F5DD92F907AA940801A80002 = {
			fileRef = F5DD92F707AA940801A80002;
			isa = PBXBuildFile;
			settings = {
			};
		};
		F5DD92FA07AA940801A80002 = {
			fileRef = F5DD92F807AA940801A80002;
			isa = PBXBuildFile;
			settings = {
			};
		};
		F5DD930007AA9BE001A80002 = {
			isa = PBXFrameworkReference;
			name = GLUT.framework;
			path = /System/Library/Frameworks/GLUT.framework;
			refType = 0;
		};
		F5DD931207AA9BE001A80002 = {
			fileRef = F5DD930007AA9BE001A80002;
			isa = PBXBuildFile;
			settings = {
			};
		};
		F5DD931307AA9BF501A80002 = {
			isa = PBXFrameworkReference;
			name = OpenGL.framework;
			path = /System/Library/Frameworks/OpenGL.framework;
			refType = 0;
		};
		F5DD932307AA9BF501A80002 = {
			fileRef = F5DD931307AA9BF501A80002;
			isa = PBXBuildFile;
			settings = {
			};
		};
		F5DD932607AAA25401A80002 = {
			isa = PBXFileReference;
			name = libglui.a;
			path = glui_v2_1_beta/libglui.a;
			refType = 4;
		};
		F5DD932707AAA25401A80002 = {
			fileRef = F5DD932607AAA25401A80002;
			isa = PBXBuildFile;
			settings = {
			};
		};
		F5DD933007AAAA7501A80002 = {
			isa = PBXFileReference;
			name = libMallocDebug.a;
			path = /usr/lib/libMallocDebug.a;
			refType = 0;
		};
		F5DD933107AAAA7501A80002 = {
			fileRef = F5DD933007AAAA7501A80002;
			isa = PBXBuildFile;
			settings = {
			};
		};
	};
	rootObject = 08FB7793FE84155DC02AAC07;
}
